{
  "name": "ssvs",
  "version": "1.0.0",
  "lockfileVersion": 1,
  "requires": true,
  "dependencies": {
    "flatpickr": {
      "version": "4.2.3",
      "resolved": "https://registry.npmjs.org/flatpickr/-/flatpickr-4.2.3.tgz",
      "integrity": "sha512-7KEIh+k22NmjG8S2BJPgd0pE8r5qcvVDYpAN+IWndY3mjDj8Dg/+84XUtZ4YglPwtzIh3TaTpg7zOwB1wpd0Tw=="
    }
  }
}
